
Microsoft Visual Studio Solution File, Format Version 12.00
# Visual Studio Version 16
VisualStudioVersion = 16.0.29230.47
MinimumVisualStudioVersion = 10.0.40219.1
Project("{FAE04EC0-301F-11D3-BF4B-00C04F79EFBC}") = "VideoRentalHarsh", "VideoRentalHarsh\VideoRentalHarsh.csproj", "{C93679ED-EC5F-490D-BE3B-9E2E7145BFF6}"
EndProject
Project("{FAE04EC0-301F-11D3-BF4B-00C04F79EFBC}") = "VideoRentalHarshTests", "VideoRentalHarshTests\VideoRentalHarshTests.csproj", "{1B81DDE4-9618-48C7-9BAB-1F67779AFBD6}"
EndProject
Global
	GlobalSection(SolutionConfigurationPlatforms) = preSolution
		Debug|Any CPU = Debug|Any CPU
		Release|Any CPU = Release|Any CPU
	EndGlobalSection
	GlobalSection(ProjectConfigurationPlatforms) = postSolution
		{C93679ED-EC5F-490D-BE3B-9E2E7145BFF6}.Debug|Any CPU.ActiveCfg = Debug|Any CPU
		{C93679ED-EC5F-490D-BE3B-9E2E7145BFF6}.Debug|Any CPU.Build.0 = Debug|Any CPU
		{C93679ED-EC5F-490D-BE3B-9E2E7145BFF6}.Release|Any CPU.ActiveCfg = Release|Any CPU
		{C93679ED-EC5F-490D-BE3B-9E2E7145BFF6}.Release|Any CPU.Build.0 = Release|Any CPU
		{1B81DDE4-9618-48C7-9BAB-1F67779AFBD6}.Debug|Any CPU.ActiveCfg = Debug|Any CPU
		{1B81DDE4-9618-48C7-9BAB-1F67779AFBD6}.Debug|Any CPU.Build.0 = Debug|Any CPU
		{1B81DDE4-9618-48C7-9BAB-1F67779AFBD6}.Release|Any CPU.ActiveCfg = Release|Any CPU
		{1B81DDE4-9618-48C7-9BAB-1F67779AFBD6}.Release|Any CPU.Build.0 = Release|Any CPU
	EndGlobalSection
	GlobalSection(SolutionProperties) = preSolution
		HideSolutionNode = FALSE
	EndGlobalSection
	GlobalSection(ExtensibilityGlobals) = postSolution
		SolutionGuid = {4748F05A-F065-49C5-B2BB-30987111A62A}
	EndGlobalSection
EndGlobal
